// !$*UTF8*$!
{
	archiveVersion = 1;
	classes = {
	};
	objectVersion = 56;
	objects = {

/* Begin PBXBuildFile section */
		6B4962752C8C84B10022832B /* Gym_AppApp.swift in Sources */ = {isa = PBXBuildFile; fileRef = 6B4962742C8C84B10022832B /* Gym_AppApp.swift */; };
		6B4962772C8C84B10022832B /* ContentView.swift in Sources */ = {isa = PBXBuildFile; fileRef = 6B4962762C8C84B10022832B /* ContentView.swift */; };
		6B4962792C8C84B30022832B /* Assets.xcassets in Resources */ = {isa = PBXBuildFile; fileRef = 6B4962782C8C84B30022832B /* Assets.xcassets */; };
		6B49627C2C8C84B30022832B /* Preview Assets.xcassets in Resources */ = {isa = PBXBuildFile; fileRef = 6B49627B2C8C84B30022832B /* Preview Assets.xcassets */; };
		6B4962862C8C84B30022832B /* Gym_AppTests.swift in Sources */ = {isa = PBXBuildFile; fileRef = 6B4962852C8C84B30022832B /* Gym_AppTests.swift */; };
		6B4962902C8C84B30022832B /* Gym_AppUITests.swift in Sources */ = {isa = PBXBuildFile; fileRef = 6B49628F2C8C84B30022832B /* Gym_AppUITests.swift */; };
		6B4962922C8C84B30022832B /* Gym_AppUITestsLaunchTests.swift in Sources */ = {isa = PBXBuildFile; fileRef = 6B4962912C8C84B30022832B /* Gym_AppUITestsLaunchTests.swift */; };
		6B49629F2C8C902E0022832B /* AppointmentView.swift in Sources */ = {isa = PBXBuildFile; fileRef = 6B49629E2C8C902E0022832B /* AppointmentView.swift */; };
		6B4962A12C8DFD860022832B /* ButtonView.swift in Sources */ = {isa = PBXBuildFile; fileRef = 6B4962A02C8DFD860022832B /* ButtonView.swift */; };
		6B7FFA662CC4195D0084D239 /* LCardView.swift in Sources */ = {isa = PBXBuildFile; fileRef = 6B7FFA652CC4195D0084D239 /* LCardView.swift */; };
		6B7FFA682CC423390084D239 /* TopBar.swift in Sources */ = {isa = PBXBuildFile; fileRef = 6B7FFA672CC423390084D239 /* TopBar.swift */; };
		6B8003D52CB1A9480041F029 /* CardView.swift in Sources */ = {isa = PBXBuildFile; fileRef = 6B8003D42CB1A9480041F029 /* CardView.swift */; };
		6BD0BD562CCC013A00A36B0A /* BookingResultsView.swift in Sources */ = {isa = PBXBuildFile; fileRef = 6BD0BD552CCC013A00A36B0A /* BookingResultsView.swift */; };
		6BE8F45F2CC587100083B54E /* BookingSelectorView.swift in Sources */ = {isa = PBXBuildFile; fileRef = 6BE8F45E2CC587100083B54E /* BookingSelectorView.swift */; };
		6BFD9A382CCE35780030FD3C /* BottomBarView.swift in Sources */ = {isa = PBXBuildFile; fileRef = 6BFD9A372CCE35780030FD3C /* BottomBarView.swift */; };
/* End PBXBuildFile section */

/* Begin PBXContainerItemProxy section */
		6B4962822C8C84B30022832B /* PBXContainerItemProxy */ = {
			isa = PBXContainerItemProxy;
			containerPortal = 6B4962692C8C84B10022832B /* Project object */;
			proxyType = 1;
			remoteGlobalIDString = 6B4962702C8C84B10022832B;
			remoteInfo = "Gym App";
		};
		6B49628C2C8C84B30022832B /* PBXContainerItemProxy */ = {
			isa = PBXContainerItemProxy;
			containerPortal = 6B4962692C8C84B10022832B /* Project object */;
			proxyType = 1;
			remoteGlobalIDString = 6B4962702C8C84B10022832B;
			remoteInfo = "Gym App";
		};
/* End PBXContainerItemProxy section */

/* Begin PBXFileReference section */
		6B4962712C8C84B10022832B /* Gym App.app */ = {isa = PBXFileReference; explicitFileType = wrapper.application; includeInIndex = 0; path = "Gym App.app"; sourceTree = BUILT_PRODUCTS_DIR; };
		6B4962742C8C84B10022832B /* Gym_AppApp.swift */ = {isa = PBXFileReference; lastKnownFileType = sourcecode.swift; path = Gym_AppApp.swift; sourceTree = "<group>"; };
		6B4962762C8C84B10022832B /* ContentView.swift */ = {isa = PBXFileReference; lastKnownFileType = sourcecode.swift; path = ContentView.swift; sourceTree = "<group>"; };
		6B4962782C8C84B30022832B /* Assets.xcassets */ = {isa = PBXFileReference; lastKnownFileType = folder.assetcatalog; path = Assets.xcassets; sourceTree = "<group>"; };
		6B49627B2C8C84B30022832B /* Preview Assets.xcassets */ = {isa = PBXFileReference; lastKnownFileType = folder.assetcatalog; path = "Preview Assets.xcassets"; sourceTree = "<group>"; };
		6B4962812C8C84B30022832B /* Gym AppTests.xctest */ = {isa = PBXFileReference; explicitFileType = wrapper.cfbundle; includeInIndex = 0; path = "Gym AppTests.xctest"; sourceTree = BUILT_PRODUCTS_DIR; };
		6B4962852C8C84B30022832B /* Gym_AppTests.swift */ = {isa = PBXFileReference; lastKnownFileType = sourcecode.swift; path = Gym_AppTests.swift; sourceTree = "<group>"; };
		6B49628B2C8C84B30022832B /* Gym AppUITests.xctest */ = {isa = PBXFileReference; explicitFileType = wrapper.cfbundle; includeInIndex = 0; path = "Gym AppUITests.xctest"; sourceTree = BUILT_PRODUCTS_DIR; };
		6B49628F2C8C84B30022832B /* Gym_AppUITests.swift */ = {isa = PBXFileReference; lastKnownFileType = sourcecode.swift; path = Gym_AppUITests.swift; sourceTree = "<group>"; };
		6B4962912C8C84B30022832B /* Gym_AppUITestsLaunchTests.swift */ = {isa = PBXFileReference; lastKnownFileType = sourcecode.swift; path = Gym_AppUITestsLaunchTests.swift; sourceTree = "<group>"; };
		6B49629E2C8C902E0022832B /* AppointmentView.swift */ = {isa = PBXFileReference; lastKnownFileType = sourcecode.swift; path = AppointmentView.swift; sourceTree = "<group>"; };
		6B4962A02C8DFD860022832B /* ButtonView.swift */ = {isa = PBXFileReference; lastKnownFileType = sourcecode.swift; path = ButtonView.swift; sourceTree = "<group>"; };
		6B7FFA652CC4195D0084D239 /* LCardView.swift */ = {isa = PBXFileReference; lastKnownFileType = sourcecode.swift; path = LCardView.swift; sourceTree = "<group>"; };
		6B7FFA672CC423390084D239 /* TopBar.swift */ = {isa = PBXFileReference; lastKnownFileType = sourcecode.swift; path = TopBar.swift; sourceTree = "<group>"; };
		6B8003D42CB1A9480041F029 /* CardView.swift */ = {isa = PBXFileReference; lastKnownFileType = sourcecode.swift; path = CardView.swift; sourceTree = "<group>"; };
		6BD0BD552CCC013A00A36B0A /* BookingResultsView.swift */ = {isa = PBXFileReference; lastKnownFileType = sourcecode.swift; path = BookingResultsView.swift; sourceTree = "<group>"; };
		6BE8F45E2CC587100083B54E /* BookingSelectorView.swift */ = {isa = PBXFileReference; lastKnownFileType = sourcecode.swift; path = BookingSelectorView.swift; sourceTree = "<group>"; };
		6BFD9A372CCE35780030FD3C /* BottomBarView.swift */ = {isa = PBXFileReference; lastKnownFileType = sourcecode.swift; path = BottomBarView.swift; sourceTree = "<group>"; };
/* End PBXFileReference section */

/* Begin PBXFrameworksBuildPhase section */
		6B49626E2C8C84B10022832B /* Frameworks */ = {
			isa = PBXFrameworksBuildPhase;
			buildActionMask = 2147483647;
			files = (
			);
			runOnlyForDeploymentPostprocessing = 0;
		};
		6B49627E2C8C84B30022832B /* Frameworks */ = {
			isa = PBXFrameworksBuildPhase;
			buildActionMask = 2147483647;
			files = (
			);
			runOnlyForDeploymentPostprocessing = 0;
		};
		6B4962882C8C84B30022832B /* Frameworks */ = {
			isa = PBXFrameworksBuildPhase;
			buildActionMask = 2147483647;
			files = (
			);
			runOnlyForDeploymentPostprocessing = 0;
		};
/* End PBXFrameworksBuildPhase section */

/* Begin PBXGroup section */
		6B4962682C8C84B10022832B = {
			isa = PBXGroup;
			children = (
				6B4962732C8C84B10022832B /* Gym App */,
				6B4962842C8C84B30022832B /* Gym AppTests */,
				6B49628E2C8C84B30022832B /* Gym AppUITests */,
				6B4962722C8C84B10022832B /* Products */,
			);
			sourceTree = "<group>";
		};
		6B4962722C8C84B10022832B /* Products */ = {
			isa = PBXGroup;
			children = (
				6B4962712C8C84B10022832B /* Gym App.app */,
				6B4962812C8C84B30022832B /* Gym AppTests.xctest */,
				6B49628B2C8C84B30022832B /* Gym AppUITests.xctest */,
			);
			name = Products;
			sourceTree = "<group>";
		};
		6B4962732C8C84B10022832B /* Gym App */ = {
			isa = PBXGroup;
			children = (
				6B7FFA672CC423390084D239 /* TopBar.swift */,
				6B4962A02C8DFD860022832B /* ButtonView.swift */,
				6B49629E2C8C902E0022832B /* AppointmentView.swift */,
				6B4962742C8C84B10022832B /* Gym_AppApp.swift */,
				6B4962762C8C84B10022832B /* ContentView.swift */,
				6B4962782C8C84B30022832B /* Assets.xcassets */,
				6B49627A2C8C84B30022832B /* Preview Content */,
				6B8003D42CB1A9480041F029 /* CardView.swift */,
				6B7FFA652CC4195D0084D239 /* LCardView.swift */,
				6BE8F45E2CC587100083B54E /* BookingSelectorView.swift */,
				6BD0BD552CCC013A00A36B0A /* BookingResultsView.swift */,
				6BFD9A372CCE35780030FD3C /* BottomBarView.swift */,
			);
			path = "Gym App";
			sourceTree = "<group>";
		};
		6B49627A2C8C84B30022832B /* Preview Content */ = {
			isa = PBXGroup;
			children = (
				6B49627B2C8C84B30022832B /* Preview Assets.xcassets */,
			);
			path = "Preview Content";
			sourceTree = "<group>";
		};
		6B4962842C8C84B30022832B /* Gym AppTests */ = {
			isa = PBXGroup;
			children = (
				6B4962852C8C84B30022832B /* Gym_AppTests.swift */,
			);
			path = "Gym AppTests";
			sourceTree = "<group>";
		};
		6B49628E2C8C84B30022832B /* Gym AppUITests */ = {
			isa = PBXGroup;
			children = (
				6B49628F2C8C84B30022832B /* Gym_AppUITests.swift */,
				6B4962912C8C84B30022832B /* Gym_AppUITestsLaunchTests.swift */,
			);
			path = "Gym AppUITests";
			sourceTree = "<group>";
		};
/* End PBXGroup section */

/* Begin PBXNativeTarget section */
		6B4962702C8C84B10022832B /* Gym App */ = {
			isa = PBXNativeTarget;
			buildConfigurationList = 6B4962952C8C84B30022832B /* Build configuration list for PBXNativeTarget "Gym App" */;
			buildPhases = (
				6B49626D2C8C84B10022832B /* Sources */,
				6B49626E2C8C84B10022832B /* Frameworks */,
				6B49626F2C8C84B10022832B /* Resources */,
			);
			buildRules = (
			);
			dependencies = (
			);
			name = "Gym App";
			productName = "Gym App";
			productReference = 6B4962712C8C84B10022832B /* Gym App.app */;
			productType = "com.apple.product-type.application";
		};
		6B4962802C8C84B30022832B /* Gym AppTests */ = {
			isa = PBXNativeTarget;
			buildConfigurationList = 6B4962982C8C84B30022832B /* Build configuration list for PBXNativeTarget "Gym AppTests" */;
			buildPhases = (
				6B49627D2C8C84B30022832B /* Sources */,
				6B49627E2C8C84B30022832B /* Frameworks */,
				6B49627F2C8C84B30022832B /* Resources */,
			);
			buildRules = (
			);
			dependencies = (
				6B4962832C8C84B30022832B /* PBXTargetDependency */,
			);
			name = "Gym AppTests";
			productName = "Gym AppTests";
			productReference = 6B4962812C8C84B30022832B /* Gym AppTests.xctest */;
			productType = "com.apple.product-type.bundle.unit-test";
		};
		6B49628A2C8C84B30022832B /* Gym AppUITests */ = {
			isa = PBXNativeTarget;
			buildConfigurationList = 6B49629B2C8C84B30022832B /* Build configuration list for PBXNativeTarget "Gym AppUITests" */;
			buildPhases = (
				6B4962872C8C84B30022832B /* Sources */,
				6B4962882C8C84B30022832B /* Frameworks */,
				6B4962892C8C84B30022832B /* Resources */,
			);
			buildRules = (
			);
			dependencies = (
				6B49628D2C8C84B30022832B /* PBXTargetDependency */,
			);
			name = "Gym AppUITests";
			productName = "Gym AppUITests";
			productReference = 6B49628B2C8C84B30022832B /* Gym AppUITests.xctest */;
			productType = "com.apple.product-type.bundle.ui-testing";
		};
/* End PBXNativeTarget section */

/* Begin PBXProject section */
		6B4962692C8C84B10022832B /* Project object */ = {
			isa = PBXProject;
			attributes = {
				BuildIndependentTargetsInParallel = 1;
				LastSwiftUpdateCheck = 1540;
				LastUpgradeCheck = 1600;
				TargetAttributes = {
					6B4962702C8C84B10022832B = {
						CreatedOnToolsVersion = 15.4;
					};
					6B4962802C8C84B30022832B = {
						CreatedOnToolsVersion = 15.4;
						TestTargetID = 6B4962702C8C84B10022832B;
					};
					6B49628A2C8C84B30022832B = {
						CreatedOnToolsVersion = 15.4;
						TestTargetID = 6B4962702C8C84B10022832B;
					};
				};
			};
			buildConfigurationList = 6B49626C2C8C84B10022832B /* Build configuration list for PBXProject "Gym App" */;
			compatibilityVersion = "Xcode 14.0";
			developmentRegion = en;
			hasScannedForEncodings = 0;
			knownRegions = (
				en,
				Base,
			);
			mainGroup = 6B4962682C8C84B10022832B;
			productRefGroup = 6B4962722C8C84B10022832B /* Products */;
			projectDirPath = "";
			projectRoot = "";
			targets = (
				6B4962702C8C84B10022832B /* Gym App */,
				6B4962802C8C84B30022832B /* Gym AppTests */,
				6B49628A2C8C84B30022832B /* Gym AppUITests */,
			);
		};
/* End PBXProject section */

/* Begin PBXResourcesBuildPhase section */
		6B49626F2C8C84B10022832B /* Resources */ = {
			isa = PBXResourcesBuildPhase;
			buildActionMask = 2147483647;
			files = (
				6B49627C2C8C84B30022832B /* Preview Assets.xcassets in Resources */,
				6B4962792C8C84B30022832B /* Assets.xcassets in Resources */,
			);
			runOnlyForDeploymentPostprocessing = 0;
		};
		6B49627F2C8C84B30022832B /* Resources */ = {
			isa = PBXResourcesBuildPhase;
			buildActionMask = 2147483647;
			files = (
			);
			runOnlyForDeploymentPostprocessing = 0;
		};
		6B4962892C8C84B30022832B /* Resources */ = {
			isa = PBXResourcesBuildPhase;
			buildActionMask = 2147483647;
			files = (
			);
			runOnlyForDeploymentPostprocessing = 0;
		};
/* End PBXResourcesBuildPhase section */

/* Begin PBXSourcesBuildPhase section */
		6B49626D2C8C84B10022832B /* Sources */ = {
			isa = PBXSourcesBuildPhase;
			buildActionMask = 2147483647;
			files = (
				6BD0BD562CCC013A00A36B0A /* BookingResultsView.swift in Sources */,
				6B7FFA682CC423390084D239 /* TopBar.swift in Sources */,
				6BE8F45F2CC587100083B54E /* BookingSelectorView.swift in Sources */,
				6BFD9A382CCE35780030FD3C /* BottomBarView.swift in Sources */,
				6B4962772C8C84B10022832B /* ContentView.swift in Sources */,
				6B49629F2C8C902E0022832B /* AppointmentView.swift in Sources */,
				6B4962A12C8DFD860022832B /* ButtonView.swift in Sources */,
				6B4962752C8C84B10022832B /* Gym_AppApp.swift in Sources */,
				6B8003D52CB1A9480041F029 /* CardView.swift in Sources */,
				6B7FFA662CC4195D0084D239 /* LCardView.swift in Sources */,
			);
			runOnlyForDeploymentPostprocessing = 0;
		};
		6B49627D2C8C84B30022832B /* Sources */ = {
			isa = PBXSourcesBuildPhase;
			buildActionMask = 2147483647;
			files = (
				6B4962862C8C84B30022832B /* Gym_AppTests.swift in Sources */,
			);
			runOnlyForDeploymentPostprocessing = 0;
		};
		6B4962872C8C84B30022832B /* Sources */ = {
			isa = PBXSourcesBuildPhase;
			buildActionMask = 2147483647;
			files = (
				6B4962922C8C84B30022832B /* Gym_AppUITestsLaunchTests.swift in Sources */,
				6B4962902C8C84B30022832B /* Gym_AppUITests.swift in Sources */,
			);
			runOnlyForDeploymentPostprocessing = 0;
		};
/* End PBXSourcesBuildPhase section */

/* Begin PBXTargetDependency section */
		6B4962832C8C84B30022832B /* PBXTargetDependency */ = {
			isa = PBXTargetDependency;
			target = 6B4962702C8C84B10022832B /* Gym App */;
			targetProxy = 6B4962822C8C84B30022832B /* PBXContainerItemProxy */;
		};
		6B49628D2C8C84B30022832B /* PBXTargetDependency */ = {
			isa = PBXTargetDependency;
			target = 6B4962702C8C84B10022832B /* Gym App */;
			targetProxy = 6B49628C2C8C84B30022832B /* PBXContainerItemProxy */;
		};
/* End PBXTargetDependency section */

/* Begin XCBuildConfiguration section */
		6B4962932C8C84B30022832B /* Debug */ = {
			isa = XCBuildConfiguration;
			buildSettings = {
				ALWAYS_SEARCH_USER_PATHS = NO;
				ASSETCATALOG_COMPILER_GENERATE_SWIFT_ASSET_SYMBOL_EXTENSIONS = YES;
				CLANG_ANALYZER_NONNULL = YES;
				CLANG_ANALYZER_NUMBER_OBJECT_CONVERSION = YES_AGGRESSIVE;
				CLANG_CXX_LANGUAGE_STANDARD = "gnu++20";
				CLANG_ENABLE_MODULES = YES;
				CLANG_ENABLE_OBJC_ARC = YES;
				CLANG_ENABLE_OBJC_WEAK = YES;
				CLANG_WARN_BLOCK_CAPTURE_AUTORELEASING = YES;
				CLANG_WARN_BOOL_CONVERSION = YES;
				CLANG_WARN_COMMA = YES;
				CLANG_WARN_CONSTANT_CONVERSION = YES;
				CLANG_WARN_DEPRECATED_OBJC_IMPLEMENTATIONS = YES;
				CLANG_WARN_DIRECT_OBJC_ISA_USAGE = YES_ERROR;
				CLANG_WARN_DOCUMENTATION_COMMENTS = YES;
				CLANG_WARN_EMPTY_BODY = YES;
				CLANG_WARN_ENUM_CONVERSION = YES;
				CLANG_WARN_INFINITE_RECURSION = YES;
				CLANG_WARN_INT_CONVERSION = YES;
				CLANG_WARN_NON_LITERAL_NULL_CONVERSION = YES;
				CLANG_WARN_OBJC_IMPLICIT_RETAIN_SELF = YES;
				CLANG_WARN_OBJC_LITERAL_CONVERSION = YES;
				CLANG_WARN_OBJC_ROOT_CLASS = YES_ERROR;
				CLANG_WARN_QUOTED_INCLUDE_IN_FRAMEWORK_HEADER = YES;
				CLANG_WARN_RANGE_LOOP_ANALYSIS = YES;
				CLANG_WARN_STRICT_PROTOTYPES = YES;
				CLANG_WARN_SUSPICIOUS_MOVE = YES;
				CLANG_WARN_UNGUARDED_AVAILABILITY = YES_AGGRESSIVE;
				CLANG_WARN_UNREACHABLE_CODE = YES;
				CLANG_WARN__DUPLICATE_METHOD_MATCH = YES;
				COPY_PHASE_STRIP = NO;
				DEBUG_INFORMATION_FORMAT = dwarf;
				ENABLE_STRICT_OBJC_MSGSEND = YES;
				ENABLE_TESTABILITY = YES;
				ENABLE_USER_SCRIPT_SANDBOXING = YES;
				GCC_C_LANGUAGE_STANDARD = gnu17;
				GCC_DYNAMIC_NO_PIC = NO;
				GCC_NO_COMMON_BLOCKS = YES;
				GCC_OPTIMIZATION_LEVEL = 0;
				GCC_PREPROCESSOR_DEFINITIONS = (
					"DEBUG=1",
					"$(inherited)",
				);
				GCC_WARN_64_TO_32_BIT_CONVERSION = YES;
				GCC_WARN_ABOUT_RETURN_TYPE = YES_ERROR;
				GCC_WARN_UNDECLARED_SELECTOR = YES;
				GCC_WARN_UNINITIALIZED_AUTOS = YES_AGGRESSIVE;
				GCC_WARN_UNUSED_FUNCTION = YES;
				GCC_WARN_UNUSED_VARIABLE = YES;
				IPHONEOS_DEPLOYMENT_TARGET = 17.5;
				LOCALIZATION_PREFERS_STRING_CATALOGS = YES;
				MTL_ENABLE_DEBUG_INFO = INCLUDE_SOURCE;
				MTL_FAST_MATH = YES;
				ONLY_ACTIVE_ARCH = YES;
				SDKROOT = iphoneos;
				SWIFT_ACTIVE_COMPILATION_CONDITIONS = "DEBUG $(inherited)";
				SWIFT_OPTIMIZATION_LEVEL = "-Onone";
			};
			name = Debug;
		};
		6B4962942C8C84B30022832B /* Release */ = {
			isa = XCBuildConfiguration;
			buildSettings = {
				ALWAYS_SEARCH_USER_PATHS = NO;
				ASSETCATALOG_COMPILER_GENERATE_SWIFT_ASSET_SYMBOL_EXTENSIONS = YES;
				CLANG_ANALYZER_NONNULL = YES;
				CLANG_ANALYZER_NUMBER_OBJECT_CONVERSION = YES_AGGRESSIVE;
				CLANG_CXX_LANGUAGE_STANDARD = "gnu++20";
				CLANG_ENABLE_MODULES = YES;
				CLANG_ENABLE_OBJC_ARC = YES;
				CLANG_ENABLE_OBJC_WEAK = YES;
				CLANG_WARN_BLOCK_CAPTURE_AUTORELEASING = YES;
				CLANG_WARN_BOOL_CONVERSION = YES;
				CLANG_WARN_COMMA = YES;
				CLANG_WARN_CONSTANT_CONVERSION = YES;
				CLANG_WARN_DEPRECATED_OBJC_IMPLEMENTATIONS = YES;
				CLANG_WARN_DIRECT_OBJC_ISA_USAGE = YES_ERROR;
				CLANG_WARN_DOCUMENTATION_COMMENTS = YES;
				CLANG_WARN_EMPTY_BODY = YES;
				CLANG_WARN_ENUM_CONVERSION = YES;
				CLANG_WARN_INFINITE_RECURSION = YES;
				CLANG_WARN_INT_CONVERSION = YES;
				CLANG_WARN_NON_LITERAL_NULL_CONVERSION = YES;
				CLANG_WARN_OBJC_IMPLICIT_RETAIN_SELF = YES;
				CLANG_WARN_OBJC_LITERAL_CONVERSION = YES;
				CLANG_WARN_OBJC_ROOT_CLASS = YES_ERROR;
				CLANG_WARN_QUOTED_INCLUDE_IN_FRAMEWORK_HEADER = YES;
				CLANG_WARN_RANGE_LOOP_ANALYSIS = YES;
				CLANG_WARN_STRICT_PROTOTYPES = YES;
				CLANG_WARN_SUSPICIOUS_MOVE = YES;
				CLANG_WARN_UNGUARDED_AVAILABILITY = YES_AGGRESSIVE;
				CLANG_WARN_UNREACHABLE_CODE = YES;
				CLANG_WARN__DUPLICATE_METHOD_MATCH = YES;
				COPY_PHASE_STRIP = NO;
				DEBUG_INFORMATION_FORMAT = "dwarf-with-dsym";
				ENABLE_NS_ASSERTIONS = NO;
				ENABLE_STRICT_OBJC_MSGSEND = YES;
				ENABLE_USER_SCRIPT_SANDBOXING = YES;
				GCC_C_LANGUAGE_STANDARD = gnu17;
				GCC_NO_COMMON_BLOCKS = YES;
				GCC_WARN_64_TO_32_BIT_CONVERSION = YES;
				GCC_WARN_ABOUT_RETURN_TYPE = YES_ERROR;
				GCC_WARN_UNDECLARED_SELECTOR = YES;
				GCC_WARN_UNINITIALIZED_AUTOS = YES_AGGRESSIVE;
				GCC_WARN_UNUSED_FUNCTION = YES;
				GCC_WARN_UNUSED_VARIABLE = YES;
				IPHONEOS_DEPLOYMENT_TARGET = 17.5;
				LOCALIZATION_PREFERS_STRING_CATALOGS = YES;
				MTL_ENABLE_DEBUG_INFO = NO;
				MTL_FAST_MATH = YES;
				SDKROOT = iphoneos;
				SWIFT_COMPILATION_MODE = wholemodule;
				VALIDATE_PRODUCT = YES;
			};
			name = Release;
		};
		6B4962962C8C84B30022832B /* Debug */ = {
			isa = XCBuildConfiguration;
			buildSettings = {
				ASSETCATALOG_COMPILER_APPICON_NAME = AppIcon;
				ASSETCATALOG_COMPILER_GLOBAL_ACCENT_COLOR_NAME = AccentColor;
				CODE_SIGN_STYLE = Automatic;
				CURRENT_PROJECT_VERSION = 1;
				DEVELOPMENT_ASSET_PATHS = "\"Gym App/Preview Content\"";
				DEVELOPMENT_TEAM = GFTGL8LK4K;
				ENABLE_PREVIEWS = YES;
				GENERATE_INFOPLIST_FILE = YES;
				INFOPLIST_KEY_UIApplicationSceneManifest_Generation = YES;
				INFOPLIST_KEY_UIApplicationSupportsIndirectInputEvents = YES;
				INFOPLIST_KEY_UILaunchScreen_Generation = YES;
				INFOPLIST_KEY_UISupportedInterfaceOrientations_iPad = "UIInterfaceOrientationPortrait UIInterfaceOrientationPortraitUpsideDown UIInterfaceOrientationLandscapeLeft UIInterfaceOrientationLandscapeRight";
				INFOPLIST_KEY_UISupportedInterfaceOrientations_iPhone = "UIInterfaceOrientationPortrait UIInterfaceOrientationLandscapeLeft UIInterfaceOrientationLandscapeRight";
				LD_RUNPATH_SEARCH_PATHS = (
					"$(inherited)",
					"@executable_path/Frameworks",
				);
				MARKETING_VERSION = 1.0;
				PRODUCT_BUNDLE_IDENTIFIER = "com.panos1b.Gym-App";
				PRODUCT_NAME = "$(TARGET_NAME)";
				SWIFT_EMIT_LOC_STRINGS = YES;
				SWIFT_VERSION = 5.0;
				TARGETED_DEVICE_FAMILY = "1,2";
			};
			name = Debug;
		};
		6B4962972C8C84B30022832B /* Release */ = {
			isa = XCBuildConfiguration;
			buildSettings = {
				ASSETCATALOG_COMPILER_APPICON_NAME = AppIcon;
				ASSETCATALOG_COMPILER_GLOBAL_ACCENT_COLOR_NAME = AccentColor;
				CODE_SIGN_STYLE = Automatic;
				CURRENT_PROJECT_VERSION = 1;
				DEVELOPMENT_ASSET_PATHS = "\"Gym App/Preview Content\"";
				DEVELOPMENT_TEAM = GFTGL8LK4K;
				ENABLE_PREVIEWS = YES;
				GENERATE_INFOPLIST_FILE = YES;
				INFOPLIST_KEY_UIApplicationSceneManifest_Generation = YES;
				INFOPLIST_KEY_UIApplicationSupportsIndirectInputEvents = YES;
				INFOPLIST_KEY_UILaunchScreen_Generation = YES;
				INFOPLIST_KEY_UISupportedInterfaceOrientations_iPad = "UIInterfaceOrientationPortrait UIInterfaceOrientationPortraitUpsideDown UIInterfaceOrientationLandscapeLeft UIInterfaceOrientationLandscapeRight";
				INFOPLIST_KEY_UISupportedInterfaceOrientations_iPhone = "UIInterfaceOrientationPortrait UIInterfaceOrientationLandscapeLeft UIInterfaceOrientationLandscapeRight";
				LD_RUNPATH_SEARCH_PATHS = (
					"$(inherited)",
					"@executable_path/Frameworks",
				);
				MARKETING_VERSION = 1.0;
				PRODUCT_BUNDLE_IDENTIFIER = "com.panos1b.Gym-App";
				PRODUCT_NAME = "$(TARGET_NAME)";
				SWIFT_EMIT_LOC_STRINGS = YES;
				SWIFT_VERSION = 5.0;
				TARGETED_DEVICE_FAMILY = "1,2";
			};
			name = Release;
		};
		6B4962992C8C84B30022832B /* Debug */ = {
			isa = XCBuildConfiguration;
			buildSettings = {
				BUNDLE_LOADER = "$(TEST_HOST)";
				CODE_SIGN_STYLE = Automatic;
				CURRENT_PROJECT_VERSION = 1;
				DEVELOPMENT_TEAM = GFTGL8LK4K;
				GENERATE_INFOPLIST_FILE = YES;
				IPHONEOS_DEPLOYMENT_TARGET = 17.5;
				MARKETING_VERSION = 1.0;
				PRODUCT_BUNDLE_IDENTIFIER = "com.panos1b.Gym-AppTests";
				PRODUCT_NAME = "$(TARGET_NAME)";
				SWIFT_EMIT_LOC_STRINGS = NO;
				SWIFT_VERSION = 5.0;
				TARGETED_DEVICE_FAMILY = "1,2";
				TEST_HOST = "$(BUILT_PRODUCTS_DIR)/Gym App.app/$(BUNDLE_EXECUTABLE_FOLDER_PATH)/Gym App";
			};
			name = Debug;
		};
		6B49629A2C8C84B30022832B /* Release */ = {
			isa = XCBuildConfiguration;
			buildSettings = {
				BUNDLE_LOADER = "$(TEST_HOST)";
				CODE_SIGN_STYLE = Automatic;
				CURRENT_PROJECT_VERSION = 1;
				DEVELOPMENT_TEAM = GFTGL8LK4K;
				GENERATE_INFOPLIST_FILE = YES;
				IPHONEOS_DEPLOYMENT_TARGET = 17.5;
				MARKETING_VERSION = 1.0;
				PRODUCT_BUNDLE_IDENTIFIER = "com.panos1b.Gym-AppTests";
				PRODUCT_NAME = "$(TARGET_NAME)";
				SWIFT_EMIT_LOC_STRINGS = NO;
				SWIFT_VERSION = 5.0;
				TARGETED_DEVICE_FAMILY = "1,2";
				TEST_HOST = "$(BUILT_PRODUCTS_DIR)/Gym App.app/$(BUNDLE_EXECUTABLE_FOLDER_PATH)/Gym App";
			};
			name = Release;
		};
		6B49629C2C8C84B30022832B /* Debug */ = {
			isa = XCBuildConfiguration;
			buildSettings = {
				CODE_SIGN_STYLE = Automatic;
				CURRENT_PROJECT_VERSION = 1;
				DEVELOPMENT_TEAM = GFTGL8LK4K;
				GENERATE_INFOPLIST_FILE = YES;
				MARKETING_VERSION = 1.0;
				PRODUCT_BUNDLE_IDENTIFIER = "com.panos1b.Gym-AppUITests";
				PRODUCT_NAME = "$(TARGET_NAME)";
				SWIFT_EMIT_LOC_STRINGS = NO;
				SWIFT_VERSION = 5.0;
				TARGETED_DEVICE_FAMILY = "1,2";
				TEST_TARGET_NAME = "Gym App";
			};
			name = Debug;
		};
		6B49629D2C8C84B30022832B /* Release */ = {
			isa = XCBuildConfiguration;
			buildSettings = {
				CODE_SIGN_STYLE = Automatic;
				CURRENT_PROJECT_VERSION = 1;
				DEVELOPMENT_TEAM = GFTGL8LK4K;
				GENERATE_INFOPLIST_FILE = YES;
				MARKETING_VERSION = 1.0;
				PRODUCT_BUNDLE_IDENTIFIER = "com.panos1b.Gym-AppUITests";
				PRODUCT_NAME = "$(TARGET_NAME)";
				SWIFT_EMIT_LOC_STRINGS = NO;
				SWIFT_VERSION = 5.0;
				TARGETED_DEVICE_FAMILY = "1,2";
				TEST_TARGET_NAME = "Gym App";
			};
			name = Release;
		};
/* End XCBuildConfiguration section */

/* Begin XCConfigurationList section */
		6B49626C2C8C84B10022832B /* Build configuration list for PBXProject "Gym App" */ = {
			isa = XCConfigurationList;
			buildConfigurations = (
				6B4962932C8C84B30022832B /* Debug */,
				6B4962942C8C84B30022832B /* Release */,
			);
			defaultConfigurationIsVisible = 0;
			defaultConfigurationName = Release;
		};
		6B4962952C8C84B30022832B /* Build configuration list for PBXNativeTarget "Gym App" */ = {
			isa = XCConfigurationList;
			buildConfigurations = (
				6B4962962C8C84B30022832B /* Debug */,
				6B4962972C8C84B30022832B /* Release */,
			);
			defaultConfigurationIsVisible = 0;
			defaultConfigurationName = Release;
		};
		6B4962982C8C84B30022832B /* Build configuration list for PBXNativeTarget "Gym AppTests" */ = {
			isa = XCConfigurationList;
			buildConfigurations = (
				6B4962992C8C84B30022832B /* Debug */,
				6B49629A2C8C84B30022832B /* Release */,
			);
			defaultConfigurationIsVisible = 0;
			defaultConfigurationName = Release;
		};
		6B49629B2C8C84B30022832B /* Build configuration list for PBXNativeTarget "Gym AppUITests" */ = {
			isa = XCConfigurationList;
			buildConfigurations = (
				6B49629C2C8C84B30022832B /* Debug */,
				6B49629D2C8C84B30022832B /* Release */,
			);
			defaultConfigurationIsVisible = 0;
			defaultConfigurationName = Release;
		};
/* End XCConfigurationList section */
	};
	rootObject = 6B4962692C8C84B10022832B /* Project object */;
}
